
Microsoft Visual Studio Solution File, Format Version 12.00
# Visual Studio Version 16
VisualStudioVersion = 16.0.30907.101
MinimumVisualStudioVersion = 10.0.40219.1
Project("{FAE04EC0-301F-11D3-BF4B-00C04F79EFBC}") = "TelefonBuch", "TelefonBuch\TelefonBuch.csproj", "{44C6BE11-C5A5-47FE-A8DF-62349E26DF68}"
EndProject
Global
	GlobalSection(SolutionConfigurationPlatforms) = preSolution
		Debug|Any CPU = Debug|Any CPU
		Release|Any CPU = Release|Any CPU
	EndGlobalSection
	GlobalSection(ProjectConfigurationPlatforms) = postSolution
		{44C6BE11-C5A5-47FE-A8DF-62349E26DF68}.Debug|Any CPU.ActiveCfg = Debug|Any CPU
		{44C6BE11-C5A5-47FE-A8DF-62349E26DF68}.Debug|Any CPU.Build.0 = Debug|Any CPU
		{44C6BE11-C5A5-47FE-A8DF-62349E26DF68}.Release|Any CPU.ActiveCfg = Release|Any CPU
		{44C6BE11-C5A5-47FE-A8DF-62349E26DF68}.Release|Any CPU.Build.0 = Release|Any CPU
	EndGlobalSection
	GlobalSection(SolutionProperties) = preSolution
		HideSolutionNode = FALSE
	EndGlobalSection
	GlobalSection(ExtensibilityGlobals) = postSolution
		SolutionGuid = {1C033DC7-87A1-486E-9E2C-9698A19D592C}
	EndGlobalSection
EndGlobal
